
Microsoft Visual Studio Solution File, Format Version 12.00
# Visual Studio Version 16
VisualStudioVersion = 16.0.30907.101
MinimumVisualStudioVersion = 10.0.40219.1
Project("{FAE04EC0-301F-11D3-BF4B-00C04F79EFBC}") = "Ex03.GarageLogic", "Ex03.GarageLogic\Ex03.GarageLogic.csproj", "{DCD9141E-AB3B-43E0-877B-03DAF36E9DE3}"
EndProject
Project("{FAE04EC0-301F-11D3-BF4B-00C04F79EFBC}") = "Ex03.ConsoleUI", "Ex03.ConsoleUI\Ex03.ConsoleUI.csproj", "{33BB49B8-5BF8-4940-B5BE-D0BAF0D5208A}"
EndProject
Global
	GlobalSection(SolutionConfigurationPlatforms) = preSolution
		Debug|Any CPU = Debug|Any CPU
		Release|Any CPU = Release|Any CPU
	EndGlobalSection
	GlobalSection(ProjectConfigurationPlatforms) = postSolution
		{DCD9141E-AB3B-43E0-877B-03DAF36E9DE3}.Debug|Any CPU.ActiveCfg = Debug|Any CPU
		{DCD9141E-AB3B-43E0-877B-03DAF36E9DE3}.Debug|Any CPU.Build.0 = Debug|Any CPU
		{DCD9141E-AB3B-43E0-877B-03DAF36E9DE3}.Release|Any CPU.ActiveCfg = Release|Any CPU
		{DCD9141E-AB3B-43E0-877B-03DAF36E9DE3}.Release|Any CPU.Build.0 = Release|Any CPU
		{33BB49B8-5BF8-4940-B5BE-D0BAF0D5208A}.Debug|Any CPU.ActiveCfg = Debug|Any CPU
		{33BB49B8-5BF8-4940-B5BE-D0BAF0D5208A}.Debug|Any CPU.Build.0 = Debug|Any CPU
		{33BB49B8-5BF8-4940-B5BE-D0BAF0D5208A}.Release|Any CPU.ActiveCfg = Release|Any CPU
		{33BB49B8-5BF8-4940-B5BE-D0BAF0D5208A}.Release|Any CPU.Build.0 = Release|Any CPU
	EndGlobalSection
	GlobalSection(SolutionProperties) = preSolution
		HideSolutionNode = FALSE
	EndGlobalSection
	GlobalSection(ExtensibilityGlobals) = postSolution
		SolutionGuid = {267884DD-E1D7-4E9C-865E-C20C6EF7C851}
	EndGlobalSection
EndGlobal
